
Microsoft Visual Studio Solution File, Format Version 12.00
# Visual Studio 15
VisualStudioVersion = 15.0.28307.1321
MinimumVisualStudioVersion = 10.0.40219.1
Project("{8BC9CEB8-8B4A-11D0-8D11-00A0C91BC942}") = "Week13", "Week13\Week13.vcxproj", "{285BFFBC-04C3-4864-8A65-D41EFB5EF2D4}"
EndProject
Global
	GlobalSection(SolutionConfigurationPlatforms) = preSolution
		Debug|x64 = Debug|x64
		Debug|x86 = Debug|x86
		Release|x64 = Release|x64
		Release|x86 = Release|x86
	EndGlobalSection
	GlobalSection(ProjectConfigurationPlatforms) = postSolution
		{285BFFBC-04C3-4864-8A65-D41EFB5EF2D4}.Debug|x64.ActiveCfg = Debug|x64
		{285BFFBC-04C3-4864-8A65-D41EFB5EF2D4}.Debug|x64.Build.0 = Debug|x64
		{285BFFBC-04C3-4864-8A65-D41EFB5EF2D4}.Debug|x86.ActiveCfg = Debug|Win32
		{285BFFBC-04C3-4864-8A65-D41EFB5EF2D4}.Debug|x86.Build.0 = Debug|Win32
		{285BFFBC-04C3-4864-8A65-D41EFB5EF2D4}.Release|x64.ActiveCfg = Release|x64
		{285BFFBC-04C3-4864-8A65-D41EFB5EF2D4}.Release|x64.Build.0 = Release|x64
		{285BFFBC-04C3-4864-8A65-D41EFB5EF2D4}.Release|x86.ActiveCfg = Release|Win32
		{285BFFBC-04C3-4864-8A65-D41EFB5EF2D4}.Release|x86.Build.0 = Release|Win32
	EndGlobalSection
	GlobalSection(SolutionProperties) = preSolution
		HideSolutionNode = FALSE
	EndGlobalSection
	GlobalSection(ExtensibilityGlobals) = postSolution
		SolutionGuid = {F4C23CE9-E362-48F2-BC56-D625E645E703}
	EndGlobalSection
EndGlobal
