
Microsoft Visual Studio Solution File, Format Version 12.00
# Visual Studio 15
VisualStudioVersion = 15.0.28307.1321
MinimumVisualStudioVersion = 10.0.40219.1
Project("{8BC9CEB8-8B4A-11D0-8D11-00A0C91BC942}") = "Week5", "Week5\Week5.vcxproj", "{84AA0DAE-FB46-44B8-8C41-8C6169B6D30F}"
EndProject
Global
	GlobalSection(SolutionConfigurationPlatforms) = preSolution
		Debug|x64 = Debug|x64
		Debug|x86 = Debug|x86
		Release|x64 = Release|x64
		Release|x86 = Release|x86
	EndGlobalSection
	GlobalSection(ProjectConfigurationPlatforms) = postSolution
		{84AA0DAE-FB46-44B8-8C41-8C6169B6D30F}.Debug|x64.ActiveCfg = Debug|x64
		{84AA0DAE-FB46-44B8-8C41-8C6169B6D30F}.Debug|x64.Build.0 = Debug|x64
		{84AA0DAE-FB46-44B8-8C41-8C6169B6D30F}.Debug|x86.ActiveCfg = Debug|Win32
		{84AA0DAE-FB46-44B8-8C41-8C6169B6D30F}.Debug|x86.Build.0 = Debug|Win32
		{84AA0DAE-FB46-44B8-8C41-8C6169B6D30F}.Release|x64.ActiveCfg = Release|x64
		{84AA0DAE-FB46-44B8-8C41-8C6169B6D30F}.Release|x64.Build.0 = Release|x64
		{84AA0DAE-FB46-44B8-8C41-8C6169B6D30F}.Release|x86.ActiveCfg = Release|Win32
		{84AA0DAE-FB46-44B8-8C41-8C6169B6D30F}.Release|x86.Build.0 = Release|Win32
	EndGlobalSection
	GlobalSection(SolutionProperties) = preSolution
		HideSolutionNode = FALSE
	EndGlobalSection
	GlobalSection(ExtensibilityGlobals) = postSolution
		SolutionGuid = {7CF0A05C-7E6C-4E24-BE7E-13B34DC44160}
	EndGlobalSection
EndGlobal
